
Microsoft Visual Studio Solution File, Format Version 12.00
# Visual Studio Version 17
VisualStudioVersion = 17.2.32630.192
MinimumVisualStudioVersion = 10.0.40219.1
Project("{9A19103F-16F7-4668-BE54-9A1E7A4F7556}") = "CompanyEcosystem.PL", "CompanyEcosystem\CompanyEcosystem.PL.csproj", "{93ABE3A7-608D-4EAF-B09B-5A17406950CF}"
EndProject
Project("{9A19103F-16F7-4668-BE54-9A1E7A4F7556}") = "CompanyEcosystem.BL", "CompanyEcosystem.BL\CompanyEcosystem.BL.csproj", "{13B35786-EBBB-40B1-B584-DD92555B97CB}"
EndProject
Project("{9A19103F-16F7-4668-BE54-9A1E7A4F7556}") = "CompanyEcosystem.DAL", "CompanyEcosystem.DAL\CompanyEcosystem.DAL.csproj", "{EC8B6221-EFB4-4C58-B1E8-B2A493504B4E}"
EndProject
Project("{FAE04EC0-301F-11D3-BF4B-00C04F79EFBC}") = "CompanyEcosystem.Enum", "CompanyEcosystem.Enum\CompanyEcosystem.Enum.csproj", "{3269058F-7DC9-4713-8711-1E1F3295BD07}"
EndProject
Global
	GlobalSection(SolutionConfigurationPlatforms) = preSolution
		Debug|Any CPU = Debug|Any CPU
		Release|Any CPU = Release|Any CPU
	EndGlobalSection
	GlobalSection(ProjectConfigurationPlatforms) = postSolution
		{93ABE3A7-608D-4EAF-B09B-5A17406950CF}.Debug|Any CPU.ActiveCfg = Debug|Any CPU
		{93ABE3A7-608D-4EAF-B09B-5A17406950CF}.Debug|Any CPU.Build.0 = Debug|Any CPU
		{93ABE3A7-608D-4EAF-B09B-5A17406950CF}.Release|Any CPU.ActiveCfg = Release|Any CPU
		{93ABE3A7-608D-4EAF-B09B-5A17406950CF}.Release|Any CPU.Build.0 = Release|Any CPU
		{13B35786-EBBB-40B1-B584-DD92555B97CB}.Debug|Any CPU.ActiveCfg = Debug|Any CPU
		{13B35786-EBBB-40B1-B584-DD92555B97CB}.Debug|Any CPU.Build.0 = Debug|Any CPU
		{13B35786-EBBB-40B1-B584-DD92555B97CB}.Release|Any CPU.ActiveCfg = Release|Any CPU
		{13B35786-EBBB-40B1-B584-DD92555B97CB}.Release|Any CPU.Build.0 = Release|Any CPU
		{EC8B6221-EFB4-4C58-B1E8-B2A493504B4E}.Debug|Any CPU.ActiveCfg = Debug|Any CPU
		{EC8B6221-EFB4-4C58-B1E8-B2A493504B4E}.Debug|Any CPU.Build.0 = Debug|Any CPU
		{EC8B6221-EFB4-4C58-B1E8-B2A493504B4E}.Release|Any CPU.ActiveCfg = Release|Any CPU
		{EC8B6221-EFB4-4C58-B1E8-B2A493504B4E}.Release|Any CPU.Build.0 = Release|Any CPU
		{3269058F-7DC9-4713-8711-1E1F3295BD07}.Debug|Any CPU.ActiveCfg = Debug|Any CPU
		{3269058F-7DC9-4713-8711-1E1F3295BD07}.Debug|Any CPU.Build.0 = Debug|Any CPU
		{3269058F-7DC9-4713-8711-1E1F3295BD07}.Release|Any CPU.ActiveCfg = Release|Any CPU
		{3269058F-7DC9-4713-8711-1E1F3295BD07}.Release|Any CPU.Build.0 = Release|Any CPU
	EndGlobalSection
	GlobalSection(SolutionProperties) = preSolution
		HideSolutionNode = FALSE
	EndGlobalSection
	GlobalSection(ExtensibilityGlobals) = postSolution
		SolutionGuid = {F5C7E763-670A-43E3-A2FB-6D3D4ECE8DBB}
	EndGlobalSection
EndGlobal
